// !$*UTF8*$!
{
	archiveVersion = 1;
	classes = {
	};
	objectVersion = 77;
	objects = {

/* Begin PBXBuildFile section */
		7EAE77AB2D7E5EB800A69FF7 /* SwiftUI.framework in Frameworks */ = {isa = PBXBuildFile; fileRef = 7EAE77AA2D7E5EB800A69FF7 /* SwiftUI.framework */; };
		7EAE77B22D7E5EE400A69FF7 /* SwiftUI.framework in Frameworks */ = {isa = PBXBuildFile; fileRef = 7EAE77AA2D7E5EB800A69FF7 /* SwiftUI.framework */; };
		7ED393552D87816D00DC559B /* README.md in Resources */ = {isa = PBXBuildFile; fileRef = 7ED393542D87816D00DC559B /* README.md */; };
		7ED393562D87816D00DC559B /* LICENSE.txt in Resources */ = {isa = PBXBuildFile; fileRef = 7ED393532D87816D00DC559B /* LICENSE.txt */; };
		7ED393572D87816D00DC559B /* README.md in Resources */ = {isa = PBXBuildFile; fileRef = 7ED393542D87816D00DC559B /* README.md */; };
		7ED393582D87816D00DC559B /* LICENSE.txt in Resources */ = {isa = PBXBuildFile; fileRef = 7ED393532D87816D00DC559B /* LICENSE.txt */; };
		7EDD44E22D992FA200DC6592 /* NetworkKit in Frameworks */ = {isa = PBXBuildFile; productRef = 7EDD44E12D992FA200DC6592 /* NetworkKit */; };
		7EDD44E42D992FA200DC6592 /* KeychainService in Frameworks */ = {isa = PBXBuildFile; productRef = 7EDD44E32D992FA200DC6592 /* KeychainService */; };
		7EDD44E62D992FA200DC6592 /* ErrorWrapper in Frameworks */ = {isa = PBXBuildFile; productRef = 7EDD44E52D992FA200DC6592 /* ErrorWrapper */; };
		7EDD44E82D992FA800DC6592 /* NetworkKit in Frameworks */ = {isa = PBXBuildFile; productRef = 7EDD44E72D992FA800DC6592 /* NetworkKit */; };
		7EDD44EA2D992FA800DC6592 /* KeychainService in Frameworks */ = {isa = PBXBuildFile; productRef = 7EDD44E92D992FA800DC6592 /* KeychainService */; };
		7EDD44EC2D992FA800DC6592 /* ErrorWrapper in Frameworks */ = {isa = PBXBuildFile; productRef = 7EDD44EB2D992FA800DC6592 /* ErrorWrapper */; };
/* End PBXBuildFile section */

/* Begin PBXCopyFilesBuildPhase section */
		7EAE770E2D7E471000A69FF7 /* Embed Foundation Extensions */ = {
			isa = PBXCopyFilesBuildPhase;
			buildActionMask = 2147483647;
			dstPath = "";
			dstSubfolderSpec = 13;
			files = (
			);
			name = "Embed Foundation Extensions";
			runOnlyForDeploymentPostprocessing = 0;
		};
/* End PBXCopyFilesBuildPhase section */

/* Begin PBXFileReference section */
		7EAE76DE2D7E463800A69FF7 /* CupcakeCorner.app */ = {isa = PBXFileReference; explicitFileType = wrapper.application; includeInIndex = 0; path = CupcakeCorner.app; sourceTree = BUILT_PRODUCTS_DIR; };
		7EAE77142D7E47BD00A69FF7 /* CupcakeCornerForAdmin.app */ = {isa = PBXFileReference; explicitFileType = wrapper.application; includeInIndex = 0; path = CupcakeCornerForAdmin.app; sourceTree = BUILT_PRODUCTS_DIR; };
		7EAE77AA2D7E5EB800A69FF7 /* SwiftUI.framework */ = {isa = PBXFileReference; lastKnownFileType = wrapper.framework; name = SwiftUI.framework; path = System/Library/Frameworks/SwiftUI.framework; sourceTree = SDKROOT; };
		7ED393532D87816D00DC559B /* LICENSE.txt */ = {isa = PBXFileReference; lastKnownFileType = text; path = LICENSE.txt; sourceTree = "<group>"; };
		7ED393542D87816D00DC559B /* README.md */ = {isa = PBXFileReference; lastKnownFileType = net.daringfireball.markdown; path = README.md; sourceTree = "<group>"; };
/* End PBXFileReference section */

/* Begin PBXFileSystemSynchronizedBuildFileExceptionSet section */
		7E11FABF2D80EC570016BC4B /* Exceptions for "CupcakeCornerForAdmin" folder in "CupcakeCorner" target */ = {
			isa = PBXFileSystemSynchronizedBuildFileExceptionSet;
			membershipExceptions = (
				"Model/Order+Update.swift",
			);
			target = 7EAE76DD2D7E463800A69FF7 /* CupcakeCorner */;
		};
		7E1FB5252D95332800E15750 /* Exceptions for "CupcakeCornerForAdmin" folder in "CupcakeCornerForAdmin" target */ = {
			isa = PBXFileSystemSynchronizedBuildFileExceptionSet;
			membershipExceptions = (
				Info.plist,
			);
			target = 7EAE77132D7E47BD00A69FF7 /* CupcakeCornerForAdmin */;
		};
		7EAE772B2D7E493A00A69FF7 /* Exceptions for "Common" folder in "CupcakeCornerForAdmin" target */ = {
			isa = PBXFileSystemSynchronizedBuildFileExceptionSet;
			membershipExceptions = (
				App/MainEntrypoint.swift,
				App/MainRootView.swift,
				App/SplashScreen.swift,
				Assets.xcassets,
				Core/Components/ActionButton.swift,
				Core/Components/CoverImageView.swift,
				Core/Components/EditAccount.swift,
				Core/Components/EmptyStateView.swift,
				Core/Components/Icon.swift,
				Core/Components/ImageResizer.swift,
				Core/Components/IngredientCell.swift,
				Core/Components/LogoView.swift,
				Core/Components/OrderEmptyView.swift,
				Core/Components/TextFieldFocused.swift,
				Core/Views/Balance/BalanceView.swift,
				"Core/Views/Balance/BalanceView+ViewModel.swift",
				Core/Views/Home/Components/HomeTabView.swift,
				Core/Views/Home/HomeView.swift,
				"Core/Views/Login View/LoginView.swift",
				"Core/Views/Login View/LoginView+ViewModel.swift",
				"Core/Views/Menu/Components/MenuView+CupcakeCard.swift",
				"Core/Views/Menu/Components/MenuView+MenuList.swift",
				Core/Views/Menu/Components/OverlayView.swift,
				Core/Views/Menu/MenuView.swift,
				"Core/Views/Menu/MenuView+ViewModel.swift",
				Core/Views/Order/Components/ItemCard.swift,
				Core/Views/Order/Components/OrderFilterPickerView.swift,
				Core/Views/Order/OrderView.swift,
				"Core/Views/Order/OrderView+ViewModel.swift",
				"Core/Views/User Account/UserAccountView.swift",
				"Core/Views/User Account/UserAccountView+ViewModel.swift",
				"Extensions/CGSize+Extension.swift",
				"Extensions/Date+Extension.swift",
				"Extensions/Dictionary+Extension.swift",
				"Extensions/Double+Extension.swift",
				"Extensions/ExecutionError+Extension.swift",
				"Extensions/Image+Extension.swift",
				"Extensions/TimeInterval+Extension.swift",
				"Extensions/UIImage+Extension.swift",
				"Extensions/View+Extension.swift",
				Models/Balance/Balance.swift,
				"Models/Balance/Balance+Get.swift",
				Models/Cupcake/Cupcake.swift,
				"Models/Cupcake/Cupcake+ListResponse.swift",
				Models/Order/Order.swift,
				"Models/Order/Order+ReadList.swift",
				Models/PaymentMethod.swift,
				Models/Role.swift,
				Models/Security/EncryptedField.swift,
				Models/Security/LoginResponse.swift,
				Models/Security/PublicKeyAgreement.swift,
				Models/Security/Token.swift,
				Models/Status.swift,
				Models/TabSection.swift,
				Models/User/User.swift,
				"Models/User/User+Create.swift",
				"Models/User/User+Get.swift",
				Models/WebSocketMessage.swift,
				Service/AppLogger.swift,
				Service/Encryptor.swift,
				Service/SecureServerComunication.swift,
				Service/TokenGetter.swift,
				Utilities/Network/EndpointBuilder.swift,
				Utilities/Network/Network.swift,
				"Utilities/Preview/ModelContext+InMemory.swift",
				Utilities/Repositories/CupcakeRepository.swift,
				Utilities/Repositories/UserRepository.swift,
			);
			target = 7EAE77132D7E47BD00A69FF7 /* CupcakeCornerForAdmin */;
		};
		7EAE77502D7E57A800A69FF7 /* Exceptions for "CupcakeCorner" folder in "CupcakeCorner" target */ = {
			isa = PBXFileSystemSynchronizedBuildFileExceptionSet;
			membershipExceptions = (
				Info.plist,
			);
			target = 7EAE76DD2D7E463800A69FF7 /* CupcakeCorner */;
		};
/* End PBXFileSystemSynchronizedBuildFileExceptionSet section */

/* Begin PBXFileSystemSynchronizedRootGroup section */
		7EAE76E02D7E463800A69FF7 /* CupcakeCorner */ = {
			isa = PBXFileSystemSynchronizedRootGroup;
			exceptions = (
				7EAE77502D7E57A800A69FF7 /* Exceptions for "CupcakeCorner" folder in "CupcakeCorner" target */,
			);
			path = CupcakeCorner;
			sourceTree = "<group>";
		};
		7EAE77152D7E47BD00A69FF7 /* CupcakeCornerForAdmin */ = {
			isa = PBXFileSystemSynchronizedRootGroup;
			exceptions = (
				7E11FABF2D80EC570016BC4B /* Exceptions for "CupcakeCornerForAdmin" folder in "CupcakeCorner" target */,
				7E1FB5252D95332800E15750 /* Exceptions for "CupcakeCornerForAdmin" folder in "CupcakeCornerForAdmin" target */,
			);
			path = CupcakeCornerForAdmin;
			sourceTree = "<group>";
		};
		7EAE77222D7E489200A69FF7 /* Common */ = {
			isa = PBXFileSystemSynchronizedRootGroup;
			exceptions = (
				7EAE772B2D7E493A00A69FF7 /* Exceptions for "Common" folder in "CupcakeCornerForAdmin" target */,
			);
			path = Common;
			sourceTree = "<group>";
		};
/* End PBXFileSystemSynchronizedRootGroup section */

/* Begin PBXFrameworksBuildPhase section */
		7EAE76DB2D7E463800A69FF7 /* Frameworks */ = {
			isa = PBXFrameworksBuildPhase;
			buildActionMask = 2147483647;
			files = (
				7EDD44E22D992FA200DC6592 /* NetworkKit in Frameworks */,
				7EDD44E42D992FA200DC6592 /* KeychainService in Frameworks */,
				7EAE77B22D7E5EE400A69FF7 /* SwiftUI.framework in Frameworks */,
				7EDD44E62D992FA200DC6592 /* ErrorWrapper in Frameworks */,
			);
			runOnlyForDeploymentPostprocessing = 0;
		};
		7EAE77112D7E47BD00A69FF7 /* Frameworks */ = {
			isa = PBXFrameworksBuildPhase;
			buildActionMask = 2147483647;
			files = (
				7EDD44E82D992FA800DC6592 /* NetworkKit in Frameworks */,
				7EDD44EA2D992FA800DC6592 /* KeychainService in Frameworks */,
				7EAE77AB2D7E5EB800A69FF7 /* SwiftUI.framework in Frameworks */,
				7EDD44EC2D992FA800DC6592 /* ErrorWrapper in Frameworks */,
			);
			runOnlyForDeploymentPostprocessing = 0;
		};
/* End PBXFrameworksBuildPhase section */

/* Begin PBXGroup section */
		7EAE76D52D7E463800A69FF7 = {
			isa = PBXGroup;
			children = (
				7EAE77222D7E489200A69FF7 /* Common */,
				7EAE76E02D7E463800A69FF7 /* CupcakeCorner */,
				7EAE77152D7E47BD00A69FF7 /* CupcakeCornerForAdmin */,
				7EAE76FD2D7E471000A69FF7 /* Frameworks */,
				7EAE76DF2D7E463800A69FF7 /* Products */,
				7ED393532D87816D00DC559B /* LICENSE.txt */,
				7ED393542D87816D00DC559B /* README.md */,
			);
			sourceTree = "<group>";
		};
		7EAE76DF2D7E463800A69FF7 /* Products */ = {
			isa = PBXGroup;
			children = (
				7EAE76DE2D7E463800A69FF7 /* CupcakeCorner.app */,
				7EAE77142D7E47BD00A69FF7 /* CupcakeCornerForAdmin.app */,
			);
			name = Products;
			sourceTree = "<group>";
		};
		7EAE76FD2D7E471000A69FF7 /* Frameworks */ = {
			isa = PBXGroup;
			children = (
				7EAE77AA2D7E5EB800A69FF7 /* SwiftUI.framework */,
			);
			name = Frameworks;
			sourceTree = "<group>";
		};
/* End PBXGroup section */

/* Begin PBXNativeTarget section */
		7EAE76DD2D7E463800A69FF7 /* CupcakeCorner */ = {
			isa = PBXNativeTarget;
			buildConfigurationList = 7EAE76EC2D7E463900A69FF7 /* Build configuration list for PBXNativeTarget "CupcakeCorner" */;
			buildPhases = (
				7EAE76DB2D7E463800A69FF7 /* Frameworks */,
				7EAE76DC2D7E463800A69FF7 /* Resources */,
				7EAE770E2D7E471000A69FF7 /* Embed Foundation Extensions */,
				7EAE77892D7E5AF400A69FF7 /* Sources */,
			);
			buildRules = (
			);
			dependencies = (
			);
			fileSystemSynchronizedGroups = (
				7EAE76E02D7E463800A69FF7 /* CupcakeCorner */,
				7EAE77222D7E489200A69FF7 /* Common */,
			);
			name = CupcakeCorner;
			packageProductDependencies = (
				7EDD44E12D992FA200DC6592 /* NetworkKit */,
				7EDD44E32D992FA200DC6592 /* KeychainService */,
				7EDD44E52D992FA200DC6592 /* ErrorWrapper */,
			);
			productName = CupcakeCorner;
			productReference = 7EAE76DE2D7E463800A69FF7 /* CupcakeCorner.app */;
			productType = "com.apple.product-type.application";
		};
		7EAE77132D7E47BD00A69FF7 /* CupcakeCornerForAdmin */ = {
			isa = PBXNativeTarget;
			buildConfigurationList = 7EAE771F2D7E47BF00A69FF7 /* Build configuration list for PBXNativeTarget "CupcakeCornerForAdmin" */;
			buildPhases = (
				7EAE77102D7E47BD00A69FF7 /* Sources */,
				7EAE77112D7E47BD00A69FF7 /* Frameworks */,
				7EAE77122D7E47BD00A69FF7 /* Resources */,
			);
			buildRules = (
			);
			dependencies = (
			);
			fileSystemSynchronizedGroups = (
				7EAE77152D7E47BD00A69FF7 /* CupcakeCornerForAdmin */,
			);
			name = CupcakeCornerForAdmin;
			packageProductDependencies = (
				7EDD44E72D992FA800DC6592 /* NetworkKit */,
				7EDD44E92D992FA800DC6592 /* KeychainService */,
				7EDD44EB2D992FA800DC6592 /* ErrorWrapper */,
			);
			productName = CupcakeCornerForAdmin;
			productReference = 7EAE77142D7E47BD00A69FF7 /* CupcakeCornerForAdmin.app */;
			productType = "com.apple.product-type.application";
		};
/* End PBXNativeTarget section */

/* Begin PBXProject section */
		7EAE76D62D7E463800A69FF7 /* Project object */ = {
			isa = PBXProject;
			attributes = {
				BuildIndependentTargetsInParallel = 1;
				LastSwiftUpdateCheck = 1620;
				LastUpgradeCheck = 1630;
				TargetAttributes = {
					7EAE76DD2D7E463800A69FF7 = {
						CreatedOnToolsVersion = 16.2;
						LastSwiftMigration = 1620;
					};
					7EAE77132D7E47BD00A69FF7 = {
						CreatedOnToolsVersion = 16.2;
					};
				};
			};
			buildConfigurationList = 7EAE76D92D7E463800A69FF7 /* Build configuration list for PBXProject "CupcakeCorner" */;
			developmentRegion = en;
			hasScannedForEncodings = 0;
			knownRegions = (
				en,
				Base,
			);
			mainGroup = 7EAE76D52D7E463800A69FF7;
			minimizedProjectReferenceProxies = 1;
			packageReferences = (
				7EDD44DE2D992F3300DC6592 /* XCRemoteSwiftPackageReference "NetworkKit" */,
				7EDD44DF2D992F4300DC6592 /* XCRemoteSwiftPackageReference "KeychainService" */,
				7EDD44E02D992F6700DC6592 /* XCRemoteSwiftPackageReference "ErrorWrapper" */,
			);
			preferredProjectObjectVersion = 77;
			productRefGroup = 7EAE76DF2D7E463800A69FF7 /* Products */;
			projectDirPath = "";
			projectRoot = "";
			targets = (
				7EAE76DD2D7E463800A69FF7 /* CupcakeCorner */,
				7EAE77132D7E47BD00A69FF7 /* CupcakeCornerForAdmin */,
			);
		};
/* End PBXProject section */

/* Begin PBXResourcesBuildPhase section */
		7EAE76DC2D7E463800A69FF7 /* Resources */ = {
			isa = PBXResourcesBuildPhase;
			buildActionMask = 2147483647;
			files = (
				7ED393552D87816D00DC559B /* README.md in Resources */,
				7ED393562D87816D00DC559B /* LICENSE.txt in Resources */,
			);
			runOnlyForDeploymentPostprocessing = 0;
		};
		7EAE77122D7E47BD00A69FF7 /* Resources */ = {
			isa = PBXResourcesBuildPhase;
			buildActionMask = 2147483647;
			files = (
				7ED393572D87816D00DC559B /* README.md in Resources */,
				7ED393582D87816D00DC559B /* LICENSE.txt in Resources */,
			);
			runOnlyForDeploymentPostprocessing = 0;
		};
/* End PBXResourcesBuildPhase section */

/* Begin PBXSourcesBuildPhase section */
		7EAE77102D7E47BD00A69FF7 /* Sources */ = {
			isa = PBXSourcesBuildPhase;
			buildActionMask = 2147483647;
			files = (
			);
			runOnlyForDeploymentPostprocessing = 0;
		};
		7EAE77892D7E5AF400A69FF7 /* Sources */ = {
			isa = PBXSourcesBuildPhase;
			buildActionMask = 2147483647;
			files = (
			);
			runOnlyForDeploymentPostprocessing = 0;
		};
/* End PBXSourcesBuildPhase section */

/* Begin XCBuildConfiguration section */
		7EAE76EA2D7E463900A69FF7 /* Debug */ = {
			isa = XCBuildConfiguration;
			buildSettings = {
				ALWAYS_SEARCH_USER_PATHS = NO;
				ASSETCATALOG_COMPILER_GENERATE_SWIFT_ASSET_SYMBOL_EXTENSIONS = YES;
				CLANG_ANALYZER_NONNULL = YES;
				CLANG_ANALYZER_NUMBER_OBJECT_CONVERSION = YES_AGGRESSIVE;
				CLANG_CXX_LANGUAGE_STANDARD = "gnu++20";
				CLANG_ENABLE_MODULES = YES;
				CLANG_ENABLE_OBJC_ARC = YES;
				CLANG_ENABLE_OBJC_WEAK = YES;
				CLANG_WARN_BLOCK_CAPTURE_AUTORELEASING = YES;
				CLANG_WARN_BOOL_CONVERSION = YES;
				CLANG_WARN_COMMA = YES;
				CLANG_WARN_CONSTANT_CONVERSION = YES;
				CLANG_WARN_DEPRECATED_OBJC_IMPLEMENTATIONS = YES;
				CLANG_WARN_DIRECT_OBJC_ISA_USAGE = YES_ERROR;
				CLANG_WARN_DOCUMENTATION_COMMENTS = YES;
				CLANG_WARN_EMPTY_BODY = YES;
				CLANG_WARN_ENUM_CONVERSION = YES;
				CLANG_WARN_INFINITE_RECURSION = YES;
				CLANG_WARN_INT_CONVERSION = YES;
				CLANG_WARN_NON_LITERAL_NULL_CONVERSION = YES;
				CLANG_WARN_OBJC_IMPLICIT_RETAIN_SELF = YES;
				CLANG_WARN_OBJC_LITERAL_CONVERSION = YES;
				CLANG_WARN_OBJC_ROOT_CLASS = YES_ERROR;
				CLANG_WARN_QUOTED_INCLUDE_IN_FRAMEWORK_HEADER = YES;
				CLANG_WARN_RANGE_LOOP_ANALYSIS = YES;
				CLANG_WARN_STRICT_PROTOTYPES = YES;
				CLANG_WARN_SUSPICIOUS_MOVE = YES;
				CLANG_WARN_UNGUARDED_AVAILABILITY = YES_AGGRESSIVE;
				CLANG_WARN_UNREACHABLE_CODE = YES;
				CLANG_WARN__DUPLICATE_METHOD_MATCH = YES;
				COPY_PHASE_STRIP = NO;
				DEBUG_INFORMATION_FORMAT = dwarf;
				DEVELOPMENT_TEAM = 9798UJJCY4;
				ENABLE_STRICT_OBJC_MSGSEND = YES;
				ENABLE_TESTABILITY = YES;
				ENABLE_USER_SCRIPT_SANDBOXING = YES;
				GCC_C_LANGUAGE_STANDARD = gnu17;
				GCC_DYNAMIC_NO_PIC = NO;
				GCC_NO_COMMON_BLOCKS = YES;
				GCC_OPTIMIZATION_LEVEL = 0;
				GCC_PREPROCESSOR_DEFINITIONS = (
					"DEBUG=1",
					"$(inherited)",
				);
				GCC_WARN_64_TO_32_BIT_CONVERSION = YES;
				GCC_WARN_ABOUT_RETURN_TYPE = YES_ERROR;
				GCC_WARN_UNDECLARED_SELECTOR = YES;
				GCC_WARN_UNINITIALIZED_AUTOS = YES_AGGRESSIVE;
				GCC_WARN_UNUSED_FUNCTION = YES;
				GCC_WARN_UNUSED_VARIABLE = YES;
				IPHONEOS_DEPLOYMENT_TARGET = 18.2;
				LOCALIZATION_PREFERS_STRING_CATALOGS = YES;
				MTL_ENABLE_DEBUG_INFO = INCLUDE_SOURCE;
				MTL_FAST_MATH = YES;
				ONLY_ACTIVE_ARCH = YES;
				SDKROOT = iphoneos;
				SWIFT_ACTIVE_COMPILATION_CONDITIONS = "DEBUG $(inherited)";
				SWIFT_OPTIMIZATION_LEVEL = "-Onone";
			};
			name = Debug;
		};
		7EAE76EB2D7E463900A69FF7 /* Release */ = {
			isa = XCBuildConfiguration;
			buildSettings = {
				ALWAYS_SEARCH_USER_PATHS = NO;
				ASSETCATALOG_COMPILER_GENERATE_SWIFT_ASSET_SYMBOL_EXTENSIONS = YES;
				CLANG_ANALYZER_NONNULL = YES;
				CLANG_ANALYZER_NUMBER_OBJECT_CONVERSION = YES_AGGRESSIVE;
				CLANG_CXX_LANGUAGE_STANDARD = "gnu++20";
				CLANG_ENABLE_MODULES = YES;
				CLANG_ENABLE_OBJC_ARC = YES;
				CLANG_ENABLE_OBJC_WEAK = YES;
				CLANG_WARN_BLOCK_CAPTURE_AUTORELEASING = YES;
				CLANG_WARN_BOOL_CONVERSION = YES;
				CLANG_WARN_COMMA = YES;
				CLANG_WARN_CONSTANT_CONVERSION = YES;
				CLANG_WARN_DEPRECATED_OBJC_IMPLEMENTATIONS = YES;
				CLANG_WARN_DIRECT_OBJC_ISA_USAGE = YES_ERROR;
				CLANG_WARN_DOCUMENTATION_COMMENTS = YES;
				CLANG_WARN_EMPTY_BODY = YES;
				CLANG_WARN_ENUM_CONVERSION = YES;
				CLANG_WARN_INFINITE_RECURSION = YES;
				CLANG_WARN_INT_CONVERSION = YES;
				CLANG_WARN_NON_LITERAL_NULL_CONVERSION = YES;
				CLANG_WARN_OBJC_IMPLICIT_RETAIN_SELF = YES;
				CLANG_WARN_OBJC_LITERAL_CONVERSION = YES;
				CLANG_WARN_OBJC_ROOT_CLASS = YES_ERROR;
				CLANG_WARN_QUOTED_INCLUDE_IN_FRAMEWORK_HEADER = YES;
				CLANG_WARN_RANGE_LOOP_ANALYSIS = YES;
				CLANG_WARN_STRICT_PROTOTYPES = YES;
				CLANG_WARN_SUSPICIOUS_MOVE = YES;
				CLANG_WARN_UNGUARDED_AVAILABILITY = YES_AGGRESSIVE;
				CLANG_WARN_UNREACHABLE_CODE = YES;
				CLANG_WARN__DUPLICATE_METHOD_MATCH = YES;
				COPY_PHASE_STRIP = NO;
				DEBUG_INFORMATION_FORMAT = "dwarf-with-dsym";
				DEVELOPMENT_TEAM = 9798UJJCY4;
				ENABLE_NS_ASSERTIONS = NO;
				ENABLE_STRICT_OBJC_MSGSEND = YES;
				ENABLE_USER_SCRIPT_SANDBOXING = YES;
				GCC_C_LANGUAGE_STANDARD = gnu17;
				GCC_NO_COMMON_BLOCKS = YES;
				GCC_WARN_64_TO_32_BIT_CONVERSION = YES;
				GCC_WARN_ABOUT_RETURN_TYPE = YES_ERROR;
				GCC_WARN_UNDECLARED_SELECTOR = YES;
				GCC_WARN_UNINITIALIZED_AUTOS = YES_AGGRESSIVE;
				GCC_WARN_UNUSED_FUNCTION = YES;
				GCC_WARN_UNUSED_VARIABLE = YES;
				IPHONEOS_DEPLOYMENT_TARGET = 18.2;
				LOCALIZATION_PREFERS_STRING_CATALOGS = YES;
				MTL_ENABLE_DEBUG_INFO = NO;
				MTL_FAST_MATH = YES;
				SDKROOT = iphoneos;
				SWIFT_COMPILATION_MODE = wholemodule;
				VALIDATE_PRODUCT = YES;
			};
			name = Release;
		};
		7EAE76ED2D7E463900A69FF7 /* Debug */ = {
			isa = XCBuildConfiguration;
			buildSettings = {
				ASSETCATALOG_COMPILER_APPICON_NAME = AppIcon;
				ASSETCATALOG_COMPILER_GLOBAL_ACCENT_COLOR_NAME = AccentColor;
				CLANG_ENABLE_MODULES = YES;
				CODE_SIGN_STYLE = Automatic;
				CURRENT_PROJECT_VERSION = 1;
				DEVELOPMENT_ASSET_PATHS = "CupcakeCorner/Preview\\ Content Common/Utilities/Preview";
				ENABLE_PREVIEWS = YES;
				GENERATE_INFOPLIST_FILE = YES;
				INFOPLIST_FILE = CupcakeCorner/Info.plist;
				INFOPLIST_KEY_CFBundleDisplayName = "Cupcake Corner";
				INFOPLIST_KEY_LSApplicationCategoryType = "public.app-category.food-and-drink";
				INFOPLIST_KEY_UIApplicationSceneManifest_Generation = YES;
				INFOPLIST_KEY_UIApplicationSupportsIndirectInputEvents = YES;
				INFOPLIST_KEY_UILaunchScreen_Generation = YES;
				INFOPLIST_KEY_UISupportedInterfaceOrientations = UIInterfaceOrientationPortrait;
				INFOPLIST_KEY_UISupportedInterfaceOrientations_iPad = "UIInterfaceOrientationLandscapeLeft UIInterfaceOrientationLandscapeRight UIInterfaceOrientationPortrait UIInterfaceOrientationPortraitUpsideDown";
				IPHONEOS_DEPLOYMENT_TARGET = 18;
				LD_RUNPATH_SEARCH_PATHS = (
					"$(inherited)",
					"@executable_path/Frameworks",
				);
				MACOSX_DEPLOYMENT_TARGET = 15;
				MARKETING_VERSION = 1.0;
				OTHER_SWIFT_FLAGS = "-DCLIENT";
				PRODUCT_BUNDLE_IDENTIFIER = com.isaqueDaSilva.CupcakeCorner;
				PRODUCT_NAME = "$(TARGET_NAME)";
				REGISTER_APP_GROUPS = YES;
				SUPPORTED_PLATFORMS = "iphoneos iphonesimulator";
				SUPPORTS_MACCATALYST = NO;
				SUPPORTS_MAC_DESIGNED_FOR_IPHONE_IPAD = NO;
				SUPPORTS_XR_DESIGNED_FOR_IPHONE_IPAD = NO;
				SWIFT_EMIT_LOC_STRINGS = YES;
				SWIFT_OPTIMIZATION_LEVEL = "-Onone";
				SWIFT_VERSION = 5.0;
				TARGETED_DEVICE_FAMILY = 1;
			};
			name = Debug;
		};
		7EAE76EE2D7E463900A69FF7 /* Release */ = {
			isa = XCBuildConfiguration;
			buildSettings = {
				ASSETCATALOG_COMPILER_APPICON_NAME = AppIcon;
				ASSETCATALOG_COMPILER_GLOBAL_ACCENT_COLOR_NAME = AccentColor;
				CLANG_ENABLE_MODULES = YES;
				CODE_SIGN_STYLE = Automatic;
				CURRENT_PROJECT_VERSION = 1;
				DEVELOPMENT_ASSET_PATHS = "CupcakeCorner/Preview\\ Content Common/Utilities/Preview";
				ENABLE_PREVIEWS = YES;
				GENERATE_INFOPLIST_FILE = YES;
				INFOPLIST_FILE = CupcakeCorner/Info.plist;
				INFOPLIST_KEY_CFBundleDisplayName = "Cupcake Corner";
				INFOPLIST_KEY_LSApplicationCategoryType = "public.app-category.food-and-drink";
				INFOPLIST_KEY_UIApplicationSceneManifest_Generation = YES;
				INFOPLIST_KEY_UIApplicationSupportsIndirectInputEvents = YES;
				INFOPLIST_KEY_UILaunchScreen_Generation = YES;
				INFOPLIST_KEY_UISupportedInterfaceOrientations = UIInterfaceOrientationPortrait;
				INFOPLIST_KEY_UISupportedInterfaceOrientations_iPad = "UIInterfaceOrientationLandscapeLeft UIInterfaceOrientationLandscapeRight UIInterfaceOrientationPortrait UIInterfaceOrientationPortraitUpsideDown";
				IPHONEOS_DEPLOYMENT_TARGET = 18;
				LD_RUNPATH_SEARCH_PATHS = (
					"$(inherited)",
					"@executable_path/Frameworks",
				);
				MACOSX_DEPLOYMENT_TARGET = 15;
				MARKETING_VERSION = 1.0;
				OTHER_SWIFT_FLAGS = "-DCLIENT";
				PRODUCT_BUNDLE_IDENTIFIER = com.isaqueDaSilva.CupcakeCorner;
				PRODUCT_NAME = "$(TARGET_NAME)";
				REGISTER_APP_GROUPS = YES;
				SUPPORTED_PLATFORMS = "iphoneos iphonesimulator";
				SUPPORTS_MACCATALYST = NO;
				SUPPORTS_MAC_DESIGNED_FOR_IPHONE_IPAD = NO;
				SUPPORTS_XR_DESIGNED_FOR_IPHONE_IPAD = NO;
				SWIFT_EMIT_LOC_STRINGS = YES;
				SWIFT_VERSION = 5.0;
				TARGETED_DEVICE_FAMILY = 1;
			};
			name = Release;
		};
		7EAE77202D7E47BF00A69FF7 /* Debug */ = {
			isa = XCBuildConfiguration;
			buildSettings = {
				ASSETCATALOG_COMPILER_APPICON_NAME = AppIcon;
				ASSETCATALOG_COMPILER_GLOBAL_ACCENT_COLOR_NAME = AccentColor;
				CODE_SIGN_STYLE = Automatic;
				CURRENT_PROJECT_VERSION = 1;
				DEVELOPMENT_ASSET_PATHS = "Common/Utilities/Preview CupcakeCornerForAdmin/Preview\\ Content";
				ENABLE_PREVIEWS = YES;
				GENERATE_INFOPLIST_FILE = YES;
				INFOPLIST_FILE = CupcakeCornerForAdmin/Info.plist;
				INFOPLIST_KEY_CFBundleDisplayName = "Cupcake Admin";
				INFOPLIST_KEY_LSApplicationCategoryType = "public.app-category.food-and-drink";
				INFOPLIST_KEY_UIApplicationSceneManifest_Generation = YES;
				INFOPLIST_KEY_UIApplicationSupportsIndirectInputEvents = YES;
				INFOPLIST_KEY_UILaunchScreen_Generation = YES;
				INFOPLIST_KEY_UISupportedInterfaceOrientations = UIInterfaceOrientationPortrait;
				INFOPLIST_KEY_UISupportedInterfaceOrientations_iPad = "UIInterfaceOrientationLandscapeLeft UIInterfaceOrientationLandscapeRight UIInterfaceOrientationPortrait UIInterfaceOrientationPortraitUpsideDown";
				IPHONEOS_DEPLOYMENT_TARGET = 18;
				LD_RUNPATH_SEARCH_PATHS = (
					"$(inherited)",
					"@executable_path/Frameworks",
				);
				MACOSX_DEPLOYMENT_TARGET = 15;
				MARKETING_VERSION = 1.0;
				OTHER_SWIFT_FLAGS = "-DADMIN";
				PRODUCT_BUNDLE_IDENTIFIER = com.isaqueDaSilva.CupcakeCornerForAdmin;
				PRODUCT_NAME = "$(TARGET_NAME)";
				REGISTER_APP_GROUPS = YES;
				SUPPORTED_PLATFORMS = "iphoneos iphonesimulator";
				SUPPORTS_MACCATALYST = NO;
				SUPPORTS_MAC_DESIGNED_FOR_IPHONE_IPAD = NO;
				SUPPORTS_XR_DESIGNED_FOR_IPHONE_IPAD = NO;
				SWIFT_EMIT_LOC_STRINGS = YES;
				SWIFT_VERSION = 5.0;
				TARGETED_DEVICE_FAMILY = 1;
			};
			name = Debug;
		};
		7EAE77212D7E47BF00A69FF7 /* Release */ = {
			isa = XCBuildConfiguration;
			buildSettings = {
				ASSETCATALOG_COMPILER_APPICON_NAME = AppIcon;
				ASSETCATALOG_COMPILER_GLOBAL_ACCENT_COLOR_NAME = AccentColor;
				CODE_SIGN_STYLE = Automatic;
				CURRENT_PROJECT_VERSION = 1;
				DEVELOPMENT_ASSET_PATHS = "Common/Utilities/Preview CupcakeCornerForAdmin/Preview\\ Content";
				ENABLE_PREVIEWS = YES;
				GENERATE_INFOPLIST_FILE = YES;
				INFOPLIST_FILE = CupcakeCornerForAdmin/Info.plist;
				INFOPLIST_KEY_CFBundleDisplayName = "Cupcake Admin";
				INFOPLIST_KEY_LSApplicationCategoryType = "public.app-category.food-and-drink";
				INFOPLIST_KEY_UIApplicationSceneManifest_Generation = YES;
				INFOPLIST_KEY_UIApplicationSupportsIndirectInputEvents = YES;
				INFOPLIST_KEY_UILaunchScreen_Generation = YES;
				INFOPLIST_KEY_UISupportedInterfaceOrientations = UIInterfaceOrientationPortrait;
				INFOPLIST_KEY_UISupportedInterfaceOrientations_iPad = "UIInterfaceOrientationLandscapeLeft UIInterfaceOrientationLandscapeRight UIInterfaceOrientationPortrait UIInterfaceOrientationPortraitUpsideDown";
				IPHONEOS_DEPLOYMENT_TARGET = 18;
				LD_RUNPATH_SEARCH_PATHS = (
					"$(inherited)",
					"@executable_path/Frameworks",
				);
				MACOSX_DEPLOYMENT_TARGET = 15;
				MARKETING_VERSION = 1.0;
				OTHER_SWIFT_FLAGS = "-DADMIN";
				PRODUCT_BUNDLE_IDENTIFIER = com.isaqueDaSilva.CupcakeCornerForAdmin;
				PRODUCT_NAME = "$(TARGET_NAME)";
				REGISTER_APP_GROUPS = YES;
				SUPPORTED_PLATFORMS = "iphoneos iphonesimulator";
				SUPPORTS_MACCATALYST = NO;
				SUPPORTS_MAC_DESIGNED_FOR_IPHONE_IPAD = NO;
				SUPPORTS_XR_DESIGNED_FOR_IPHONE_IPAD = NO;
				SWIFT_EMIT_LOC_STRINGS = YES;
				SWIFT_VERSION = 5.0;
				TARGETED_DEVICE_FAMILY = 1;
			};
			name = Release;
		};
/* End XCBuildConfiguration section */

/* Begin XCConfigurationList section */
		7EAE76D92D7E463800A69FF7 /* Build configuration list for PBXProject "CupcakeCorner" */ = {
			isa = XCConfigurationList;
			buildConfigurations = (
				7EAE76EA2D7E463900A69FF7 /* Debug */,
				7EAE76EB2D7E463900A69FF7 /* Release */,
			);
			defaultConfigurationIsVisible = 0;
			defaultConfigurationName = Release;
		};
		7EAE76EC2D7E463900A69FF7 /* Build configuration list for PBXNativeTarget "CupcakeCorner" */ = {
			isa = XCConfigurationList;
			buildConfigurations = (
				7EAE76ED2D7E463900A69FF7 /* Debug */,
				7EAE76EE2D7E463900A69FF7 /* Release */,
			);
			defaultConfigurationIsVisible = 0;
			defaultConfigurationName = Release;
		};
		7EAE771F2D7E47BF00A69FF7 /* Build configuration list for PBXNativeTarget "CupcakeCornerForAdmin" */ = {
			isa = XCConfigurationList;
			buildConfigurations = (
				7EAE77202D7E47BF00A69FF7 /* Debug */,
				7EAE77212D7E47BF00A69FF7 /* Release */,
			);
			defaultConfigurationIsVisible = 0;
			defaultConfigurationName = Release;
		};
/* End XCConfigurationList section */

/* Begin XCRemoteSwiftPackageReference section */
		7EDD44DE2D992F3300DC6592 /* XCRemoteSwiftPackageReference "NetworkKit" */ = {
			isa = XCRemoteSwiftPackageReference;
			repositoryURL = "https://github.com/isaqueDaSilva/NetworkKit.git";
			requirement = {
				kind = upToNextMajorVersion;
				minimumVersion = 1.3.8;
			};
		};
		7EDD44DF2D992F4300DC6592 /* XCRemoteSwiftPackageReference "KeychainService" */ = {
			isa = XCRemoteSwiftPackageReference;
			repositoryURL = "https://github.com/isaqueDaSilva/KeychainService.git";
			requirement = {
				kind = upToNextMajorVersion;
				minimumVersion = 1.0.3;
			};
		};
		7EDD44E02D992F6700DC6592 /* XCRemoteSwiftPackageReference "ErrorWrapper" */ = {
			isa = XCRemoteSwiftPackageReference;
			repositoryURL = "https://github.com/isaqueDaSilva/ErrorWrapper.git";
			requirement = {
				kind = upToNextMajorVersion;
				minimumVersion = 1.0.7;
			};
		};
/* End XCRemoteSwiftPackageReference section */

/* Begin XCSwiftPackageProductDependency section */
		7EDD44E12D992FA200DC6592 /* NetworkKit */ = {
			isa = XCSwiftPackageProductDependency;
			package = 7EDD44DE2D992F3300DC6592 /* XCRemoteSwiftPackageReference "NetworkKit" */;
			productName = NetworkKit;
		};
		7EDD44E32D992FA200DC6592 /* KeychainService */ = {
			isa = XCSwiftPackageProductDependency;
			package = 7EDD44DF2D992F4300DC6592 /* XCRemoteSwiftPackageReference "KeychainService" */;
			productName = KeychainService;
		};
		7EDD44E52D992FA200DC6592 /* ErrorWrapper */ = {
			isa = XCSwiftPackageProductDependency;
			package = 7EDD44E02D992F6700DC6592 /* XCRemoteSwiftPackageReference "ErrorWrapper" */;
			productName = ErrorWrapper;
		};
		7EDD44E72D992FA800DC6592 /* NetworkKit */ = {
			isa = XCSwiftPackageProductDependency;
			package = 7EDD44DE2D992F3300DC6592 /* XCRemoteSwiftPackageReference "NetworkKit" */;
			productName = NetworkKit;
		};
		7EDD44E92D992FA800DC6592 /* KeychainService */ = {
			isa = XCSwiftPackageProductDependency;
			package = 7EDD44DF2D992F4300DC6592 /* XCRemoteSwiftPackageReference "KeychainService" */;
			productName = KeychainService;
		};
		7EDD44EB2D992FA800DC6592 /* ErrorWrapper */ = {
			isa = XCSwiftPackageProductDependency;
			package = 7EDD44E02D992F6700DC6592 /* XCRemoteSwiftPackageReference "ErrorWrapper" */;
			productName = ErrorWrapper;
		};
/* End XCSwiftPackageProductDependency section */
	};
	rootObject = 7EAE76D62D7E463800A69FF7 /* Project object */;
}
