// !$*UTF8*$!
{
	archiveVersion = 1;
	classes = {
	};
	objectVersion = 77;
	objects = {

/* Begin PBXBuildFile section */
		7E73177C2E06637A00B55C16 /* HTTPTypes in Frameworks */ = {isa = PBXBuildFile; productRef = 7E73177B2E06637A00B55C16 /* HTTPTypes */; };
		7E73177E2E06637A00B55C16 /* HTTPTypesFoundation in Frameworks */ = {isa = PBXBuildFile; productRef = 7E73177D2E06637A00B55C16 /* HTTPTypesFoundation */; };
		7E7317802E06638400B55C16 /* HTTPTypes in Frameworks */ = {isa = PBXBuildFile; productRef = 7E73177F2E06638400B55C16 /* HTTPTypes */; };
		7E7317822E06638400B55C16 /* HTTPTypesFoundation in Frameworks */ = {isa = PBXBuildFile; productRef = 7E7317812E06638400B55C16 /* HTTPTypesFoundation */; };
		7EAE77AB2D7E5EB800A69FF7 /* SwiftUI.framework in Frameworks */ = {isa = PBXBuildFile; fileRef = 7EAE77AA2D7E5EB800A69FF7 /* SwiftUI.framework */; };
		7EAE77B22D7E5EE400A69FF7 /* SwiftUI.framework in Frameworks */ = {isa = PBXBuildFile; fileRef = 7EAE77AA2D7E5EB800A69FF7 /* SwiftUI.framework */; };
		7EBD62402E3121D000AEDA98 /* OrderedCollections in Frameworks */ = {isa = PBXBuildFile; productRef = 7EBD623F2E3121D000AEDA98 /* OrderedCollections */; };
		7EBD62422E3121D600AEDA98 /* OrderedCollections in Frameworks */ = {isa = PBXBuildFile; productRef = 7EBD62412E3121D600AEDA98 /* OrderedCollections */; };
		7ED393552D87816D00DC559B /* README.md in Resources */ = {isa = PBXBuildFile; fileRef = 7ED393542D87816D00DC559B /* README.md */; };
		7ED393562D87816D00DC559B /* LICENSE.txt in Resources */ = {isa = PBXBuildFile; fileRef = 7ED393532D87816D00DC559B /* LICENSE.txt */; };
		7ED393572D87816D00DC559B /* README.md in Resources */ = {isa = PBXBuildFile; fileRef = 7ED393542D87816D00DC559B /* README.md */; };
		7ED393582D87816D00DC559B /* LICENSE.txt in Resources */ = {isa = PBXBuildFile; fileRef = 7ED393532D87816D00DC559B /* LICENSE.txt */; };
/* End PBXBuildFile section */

/* Begin PBXCopyFilesBuildPhase section */
		7EAE770E2D7E471000A69FF7 /* Embed Foundation Extensions */ = {
			isa = PBXCopyFilesBuildPhase;
			buildActionMask = 2147483647;
			dstPath = "";
			dstSubfolderSpec = 13;
			files = (
			);
			name = "Embed Foundation Extensions";
			runOnlyForDeploymentPostprocessing = 0;
		};
/* End PBXCopyFilesBuildPhase section */

/* Begin PBXFileReference section */
		7EAE76DE2D7E463800A69FF7 /* CupcakeCorner.app */ = {isa = PBXFileReference; explicitFileType = wrapper.application; includeInIndex = 0; path = CupcakeCorner.app; sourceTree = BUILT_PRODUCTS_DIR; };
		7EAE77142D7E47BD00A69FF7 /* CupcakeCornerForAdmin.app */ = {isa = PBXFileReference; explicitFileType = wrapper.application; includeInIndex = 0; path = CupcakeCornerForAdmin.app; sourceTree = BUILT_PRODUCTS_DIR; };
		7EAE77AA2D7E5EB800A69FF7 /* SwiftUI.framework */ = {isa = PBXFileReference; lastKnownFileType = wrapper.framework; name = SwiftUI.framework; path = System/Library/Frameworks/SwiftUI.framework; sourceTree = SDKROOT; };
		7ED393532D87816D00DC559B /* LICENSE.txt */ = {isa = PBXFileReference; lastKnownFileType = text; path = LICENSE.txt; sourceTree = "<group>"; };
		7ED393542D87816D00DC559B /* README.md */ = {isa = PBXFileReference; lastKnownFileType = net.daringfireball.markdown; path = README.md; sourceTree = "<group>"; };
/* End PBXFileReference section */

/* Begin PBXFileSystemSynchronizedBuildFileExceptionSet section */
		7EAE772B2D7E493A00A69FF7 /* Exceptions for "Common" folder in "CupcakeCornerForAdmin" target */ = {
			isa = PBXFileSystemSynchronizedBuildFileExceptionSet;
			membershipExceptions = (
				Assets.xcassets,
				Components/AsyncCoverImage/AsyncCoverImageView.swift,
				"Components/AsyncCoverImage/AsyncCoverImageView+ViewModel.swift",
				Components/Buttons/ActionButton.swift,
				Components/Buttons/BackButton.swift,
				Components/CoverImageView.swift,
				Components/EditAccount.swift,
				Components/Entrypoint/MainEntrypoint.swift,
				Components/Entrypoint/MainRootView.swift,
				Components/Entrypoint/SplashScreen.swift,
				Components/History/HistoryView.swift,
				"Components/History/HistoryView+ViewModel.swift",
				Components/Home/HomeView.swift,
				Components/IngredientCell.swift,
				Components/ItemCard.swift,
				Components/LogoView.swift,
				Components/Menu/Components/MenuListView.swift,
				Components/Menu/MenuView.swift,
				Components/Menu/MenuViewModel.swift,
				Components/Order/Components/OrderFilterPickerView.swift,
				Components/Order/Components/OrderListView.swift,
				Components/Order/OrderView.swift,
				"Components/Order/OrderView+ViewModel.swift",
				Components/OverlayEmptyView.swift,
				Components/Profile/Components/InfoCell.swift,
				Components/Profile/ProfileView.swift,
				"Components/Profile/ProfileView+ViewModel.swift",
				Components/SignIn/SignInView.swift,
				"Components/SignIn/SignInView+ViewModel.swift",
				Components/Spinner.swift,
				Components/TextFieldFocused.swift,
				"Extensions/CGSize+Extension.swift",
				"Extensions/Date+Extension.swift",
				"Extensions/Double+Extension.swift",
				"Extensions/HTTPField.Name+Extension.swift",
				"Extensions/Image+Extension.swift",
				"Extensions/UIImage+Extension.swift",
				"Extensions/View+Extension.swift",
				Models/AppAlert.swift,
				Models/Cupcake/CreateOrReadCupcake.swift,
				Models/Cupcake/CupcakeImage.swift,
				Models/Icon.swift,
				Models/Network.swift,
				Models/Order.swift,
				Models/Page.swift,
				Models/RevocationType.swift,
				Models/SecureFieldType.swift,
				Models/Security/ECKeyPair.swift,
				Models/Security/KeyCollection.swift,
				Models/Security/SignInAndSignUpResponse.swift,
				Models/Security/Token.swift,
				Models/Security/TokenFields.swift,
				Models/Security/TokenPair.swift,
				Models/Status.swift,
				Models/TabSection.swift,
				Models/User/User.swift,
				Models/User/UserDTO.swift,
				Models/User/UserProfile.swift,
				Models/ViewState.swift,
				"Preview/ModelContext+InMemory.swift",
				Service/AccessHandler.swift,
				Service/AppLogger.swift,
				Service/Decryptor.swift,
				Service/EncoderAndDecoder.swift,
				Service/Encryptor.swift,
				Service/ImageCache.swift,
				Service/KeychainService.swift,
				Service/SecureServerComunication.swift,
				Service/TokenHandler.swift,
				Service/WebSocket/WebSocketClient.swift,
				Service/WebSocket/WebSocketConfiguration.swift,
				Service/WebSocket/WebSocketMessage.swift,
			);
			target = 7EAE77132D7E47BD00A69FF7 /* CupcakeCornerForAdmin */;
		};
/* End PBXFileSystemSynchronizedBuildFileExceptionSet section */

/* Begin PBXFileSystemSynchronizedRootGroup section */
		7EAE76E02D7E463800A69FF7 /* CupcakeCorner */ = {
			isa = PBXFileSystemSynchronizedRootGroup;
			path = CupcakeCorner;
			sourceTree = "<group>";
		};
		7EAE77152D7E47BD00A69FF7 /* CupcakeCornerForAdmin */ = {
			isa = PBXFileSystemSynchronizedRootGroup;
			path = CupcakeCornerForAdmin;
			sourceTree = "<group>";
		};
		7EAE77222D7E489200A69FF7 /* Common */ = {
			isa = PBXFileSystemSynchronizedRootGroup;
			exceptions = (
				7EAE772B2D7E493A00A69FF7 /* Exceptions for "Common" folder in "CupcakeCornerForAdmin" target */,
			);
			path = Common;
			sourceTree = "<group>";
		};
/* End PBXFileSystemSynchronizedRootGroup section */

/* Begin PBXFrameworksBuildPhase section */
		7EAE76DB2D7E463800A69FF7 /* Frameworks */ = {
			isa = PBXFrameworksBuildPhase;
			buildActionMask = 2147483647;
			files = (
				7E73177E2E06637A00B55C16 /* HTTPTypesFoundation in Frameworks */,
				7E73177C2E06637A00B55C16 /* HTTPTypes in Frameworks */,
				7EBD62402E3121D000AEDA98 /* OrderedCollections in Frameworks */,
				7EAE77B22D7E5EE400A69FF7 /* SwiftUI.framework in Frameworks */,
			);
			runOnlyForDeploymentPostprocessing = 0;
		};
		7EAE77112D7E47BD00A69FF7 /* Frameworks */ = {
			isa = PBXFrameworksBuildPhase;
			buildActionMask = 2147483647;
			files = (
				7E7317822E06638400B55C16 /* HTTPTypesFoundation in Frameworks */,
				7E7317802E06638400B55C16 /* HTTPTypes in Frameworks */,
				7EBD62422E3121D600AEDA98 /* OrderedCollections in Frameworks */,
				7EAE77AB2D7E5EB800A69FF7 /* SwiftUI.framework in Frameworks */,
			);
			runOnlyForDeploymentPostprocessing = 0;
		};
/* End PBXFrameworksBuildPhase section */

/* Begin PBXGroup section */
		7EAE76D52D7E463800A69FF7 = {
			isa = PBXGroup;
			children = (
				7EAE77222D7E489200A69FF7 /* Common */,
				7EAE76E02D7E463800A69FF7 /* CupcakeCorner */,
				7EAE77152D7E47BD00A69FF7 /* CupcakeCornerForAdmin */,
				7EAE76FD2D7E471000A69FF7 /* Frameworks */,
				7EAE76DF2D7E463800A69FF7 /* Products */,
				7ED393532D87816D00DC559B /* LICENSE.txt */,
				7ED393542D87816D00DC559B /* README.md */,
			);
			sourceTree = "<group>";
		};
		7EAE76DF2D7E463800A69FF7 /* Products */ = {
			isa = PBXGroup;
			children = (
				7EAE76DE2D7E463800A69FF7 /* CupcakeCorner.app */,
				7EAE77142D7E47BD00A69FF7 /* CupcakeCornerForAdmin.app */,
			);
			name = Products;
			sourceTree = "<group>";
		};
		7EAE76FD2D7E471000A69FF7 /* Frameworks */ = {
			isa = PBXGroup;
			children = (
				7EAE77AA2D7E5EB800A69FF7 /* SwiftUI.framework */,
			);
			name = Frameworks;
			sourceTree = "<group>";
		};
/* End PBXGroup section */

/* Begin PBXNativeTarget section */
		7EAE76DD2D7E463800A69FF7 /* CupcakeCorner */ = {
			isa = PBXNativeTarget;
			buildConfigurationList = 7EAE76EC2D7E463900A69FF7 /* Build configuration list for PBXNativeTarget "CupcakeCorner" */;
			buildPhases = (
				7EAE76DB2D7E463800A69FF7 /* Frameworks */,
				7EAE76DC2D7E463800A69FF7 /* Resources */,
				7EAE770E2D7E471000A69FF7 /* Embed Foundation Extensions */,
				7EAE77892D7E5AF400A69FF7 /* Sources */,
			);
			buildRules = (
			);
			dependencies = (
			);
			fileSystemSynchronizedGroups = (
				7EAE76E02D7E463800A69FF7 /* CupcakeCorner */,
				7EAE77222D7E489200A69FF7 /* Common */,
			);
			name = CupcakeCorner;
			packageProductDependencies = (
				7E73177B2E06637A00B55C16 /* HTTPTypes */,
				7E73177D2E06637A00B55C16 /* HTTPTypesFoundation */,
				7EBD623F2E3121D000AEDA98 /* OrderedCollections */,
			);
			productName = CupcakeCorner;
			productReference = 7EAE76DE2D7E463800A69FF7 /* CupcakeCorner.app */;
			productType = "com.apple.product-type.application";
		};
		7EAE77132D7E47BD00A69FF7 /* CupcakeCornerForAdmin */ = {
			isa = PBXNativeTarget;
			buildConfigurationList = 7EAE771F2D7E47BF00A69FF7 /* Build configuration list for PBXNativeTarget "CupcakeCornerForAdmin" */;
			buildPhases = (
				7EAE77102D7E47BD00A69FF7 /* Sources */,
				7EAE77112D7E47BD00A69FF7 /* Frameworks */,
				7EAE77122D7E47BD00A69FF7 /* Resources */,
			);
			buildRules = (
			);
			dependencies = (
			);
			fileSystemSynchronizedGroups = (
				7EAE77152D7E47BD00A69FF7 /* CupcakeCornerForAdmin */,
			);
			name = CupcakeCornerForAdmin;
			packageProductDependencies = (
				7E73177F2E06638400B55C16 /* HTTPTypes */,
				7E7317812E06638400B55C16 /* HTTPTypesFoundation */,
				7EBD62412E3121D600AEDA98 /* OrderedCollections */,
			);
			productName = CupcakeCornerForAdmin;
			productReference = 7EAE77142D7E47BD00A69FF7 /* CupcakeCornerForAdmin.app */;
			productType = "com.apple.product-type.application";
		};
/* End PBXNativeTarget section */

/* Begin PBXProject section */
		7EAE76D62D7E463800A69FF7 /* Project object */ = {
			isa = PBXProject;
			attributes = {
				BuildIndependentTargetsInParallel = 1;
				LastSwiftUpdateCheck = 1620;
				LastUpgradeCheck = 2600;
				TargetAttributes = {
					7EAE76DD2D7E463800A69FF7 = {
						CreatedOnToolsVersion = 16.2;
						LastSwiftMigration = 1620;
					};
					7EAE77132D7E47BD00A69FF7 = {
						CreatedOnToolsVersion = 16.2;
					};
				};
			};
			buildConfigurationList = 7EAE76D92D7E463800A69FF7 /* Build configuration list for PBXProject "CupcakeCorner" */;
			developmentRegion = en;
			hasScannedForEncodings = 0;
			knownRegions = (
				en,
				Base,
			);
			mainGroup = 7EAE76D52D7E463800A69FF7;
			minimizedProjectReferenceProxies = 1;
			packageReferences = (
				7E73177A2E06635200B55C16 /* XCRemoteSwiftPackageReference "swift-http-types" */,
				7EBD623E2E3121B900AEDA98 /* XCRemoteSwiftPackageReference "swift-collections" */,
			);
			preferredProjectObjectVersion = 77;
			productRefGroup = 7EAE76DF2D7E463800A69FF7 /* Products */;
			projectDirPath = "";
			projectRoot = "";
			targets = (
				7EAE76DD2D7E463800A69FF7 /* CupcakeCorner */,
				7EAE77132D7E47BD00A69FF7 /* CupcakeCornerForAdmin */,
			);
		};
/* End PBXProject section */

/* Begin PBXResourcesBuildPhase section */
		7EAE76DC2D7E463800A69FF7 /* Resources */ = {
			isa = PBXResourcesBuildPhase;
			buildActionMask = 2147483647;
			files = (
				7ED393552D87816D00DC559B /* README.md in Resources */,
				7ED393562D87816D00DC559B /* LICENSE.txt in Resources */,
			);
			runOnlyForDeploymentPostprocessing = 0;
		};
		7EAE77122D7E47BD00A69FF7 /* Resources */ = {
			isa = PBXResourcesBuildPhase;
			buildActionMask = 2147483647;
			files = (
				7ED393572D87816D00DC559B /* README.md in Resources */,
				7ED393582D87816D00DC559B /* LICENSE.txt in Resources */,
			);
			runOnlyForDeploymentPostprocessing = 0;
		};
/* End PBXResourcesBuildPhase section */

/* Begin PBXSourcesBuildPhase section */
		7EAE77102D7E47BD00A69FF7 /* Sources */ = {
			isa = PBXSourcesBuildPhase;
			buildActionMask = 2147483647;
			files = (
			);
			runOnlyForDeploymentPostprocessing = 0;
		};
		7EAE77892D7E5AF400A69FF7 /* Sources */ = {
			isa = PBXSourcesBuildPhase;
			buildActionMask = 2147483647;
			files = (
			);
			runOnlyForDeploymentPostprocessing = 0;
		};
/* End PBXSourcesBuildPhase section */

/* Begin XCBuildConfiguration section */
		7EAE76EA2D7E463900A69FF7 /* Debug */ = {
			isa = XCBuildConfiguration;
			buildSettings = {
				ALWAYS_SEARCH_USER_PATHS = NO;
				ASSETCATALOG_COMPILER_GENERATE_SWIFT_ASSET_SYMBOL_EXTENSIONS = YES;
				CLANG_ANALYZER_NONNULL = YES;
				CLANG_ANALYZER_NUMBER_OBJECT_CONVERSION = YES_AGGRESSIVE;
				CLANG_CXX_LANGUAGE_STANDARD = "gnu++20";
				CLANG_ENABLE_MODULES = YES;
				CLANG_ENABLE_OBJC_ARC = YES;
				CLANG_ENABLE_OBJC_WEAK = YES;
				CLANG_WARN_BLOCK_CAPTURE_AUTORELEASING = YES;
				CLANG_WARN_BOOL_CONVERSION = YES;
				CLANG_WARN_COMMA = YES;
				CLANG_WARN_CONSTANT_CONVERSION = YES;
				CLANG_WARN_DEPRECATED_OBJC_IMPLEMENTATIONS = YES;
				CLANG_WARN_DIRECT_OBJC_ISA_USAGE = YES_ERROR;
				CLANG_WARN_DOCUMENTATION_COMMENTS = YES;
				CLANG_WARN_EMPTY_BODY = YES;
				CLANG_WARN_ENUM_CONVERSION = YES;
				CLANG_WARN_INFINITE_RECURSION = YES;
				CLANG_WARN_INT_CONVERSION = YES;
				CLANG_WARN_NON_LITERAL_NULL_CONVERSION = YES;
				CLANG_WARN_OBJC_IMPLICIT_RETAIN_SELF = YES;
				CLANG_WARN_OBJC_LITERAL_CONVERSION = YES;
				CLANG_WARN_OBJC_ROOT_CLASS = YES_ERROR;
				CLANG_WARN_QUOTED_INCLUDE_IN_FRAMEWORK_HEADER = YES;
				CLANG_WARN_RANGE_LOOP_ANALYSIS = YES;
				CLANG_WARN_STRICT_PROTOTYPES = YES;
				CLANG_WARN_SUSPICIOUS_MOVE = YES;
				CLANG_WARN_UNGUARDED_AVAILABILITY = YES_AGGRESSIVE;
				CLANG_WARN_UNREACHABLE_CODE = YES;
				CLANG_WARN__DUPLICATE_METHOD_MATCH = YES;
				COPY_PHASE_STRIP = NO;
				DEBUG_INFORMATION_FORMAT = dwarf;
				DEVELOPMENT_TEAM = 9798UJJCY4;
				ENABLE_STRICT_OBJC_MSGSEND = YES;
				ENABLE_TESTABILITY = YES;
				ENABLE_USER_SCRIPT_SANDBOXING = YES;
				GCC_C_LANGUAGE_STANDARD = gnu17;
				GCC_DYNAMIC_NO_PIC = NO;
				GCC_NO_COMMON_BLOCKS = YES;
				GCC_OPTIMIZATION_LEVEL = 0;
				GCC_PREPROCESSOR_DEFINITIONS = (
					"DEBUG=1",
					"$(inherited)",
				);
				GCC_WARN_64_TO_32_BIT_CONVERSION = YES;
				GCC_WARN_ABOUT_RETURN_TYPE = YES_ERROR;
				GCC_WARN_UNDECLARED_SELECTOR = YES;
				GCC_WARN_UNINITIALIZED_AUTOS = YES_AGGRESSIVE;
				GCC_WARN_UNUSED_FUNCTION = YES;
				GCC_WARN_UNUSED_VARIABLE = YES;
				IPHONEOS_DEPLOYMENT_TARGET = 18.2;
				LOCALIZATION_PREFERS_STRING_CATALOGS = YES;
				MTL_ENABLE_DEBUG_INFO = INCLUDE_SOURCE;
				MTL_FAST_MATH = YES;
				ONLY_ACTIVE_ARCH = YES;
				SDKROOT = iphoneos;
				STRING_CATALOG_GENERATE_SYMBOLS = YES;
				SWIFT_ACTIVE_COMPILATION_CONDITIONS = "DEBUG $(inherited)";
				SWIFT_OPTIMIZATION_LEVEL = "-Onone";
			};
			name = Debug;
		};
		7EAE76EB2D7E463900A69FF7 /* Release */ = {
			isa = XCBuildConfiguration;
			buildSettings = {
				ALWAYS_SEARCH_USER_PATHS = NO;
				ASSETCATALOG_COMPILER_GENERATE_SWIFT_ASSET_SYMBOL_EXTENSIONS = YES;
				CLANG_ANALYZER_NONNULL = YES;
				CLANG_ANALYZER_NUMBER_OBJECT_CONVERSION = YES_AGGRESSIVE;
				CLANG_CXX_LANGUAGE_STANDARD = "gnu++20";
				CLANG_ENABLE_MODULES = YES;
				CLANG_ENABLE_OBJC_ARC = YES;
				CLANG_ENABLE_OBJC_WEAK = YES;
				CLANG_WARN_BLOCK_CAPTURE_AUTORELEASING = YES;
				CLANG_WARN_BOOL_CONVERSION = YES;
				CLANG_WARN_COMMA = YES;
				CLANG_WARN_CONSTANT_CONVERSION = YES;
				CLANG_WARN_DEPRECATED_OBJC_IMPLEMENTATIONS = YES;
				CLANG_WARN_DIRECT_OBJC_ISA_USAGE = YES_ERROR;
				CLANG_WARN_DOCUMENTATION_COMMENTS = YES;
				CLANG_WARN_EMPTY_BODY = YES;
				CLANG_WARN_ENUM_CONVERSION = YES;
				CLANG_WARN_INFINITE_RECURSION = YES;
				CLANG_WARN_INT_CONVERSION = YES;
				CLANG_WARN_NON_LITERAL_NULL_CONVERSION = YES;
				CLANG_WARN_OBJC_IMPLICIT_RETAIN_SELF = YES;
				CLANG_WARN_OBJC_LITERAL_CONVERSION = YES;
				CLANG_WARN_OBJC_ROOT_CLASS = YES_ERROR;
				CLANG_WARN_QUOTED_INCLUDE_IN_FRAMEWORK_HEADER = YES;
				CLANG_WARN_RANGE_LOOP_ANALYSIS = YES;
				CLANG_WARN_STRICT_PROTOTYPES = YES;
				CLANG_WARN_SUSPICIOUS_MOVE = YES;
				CLANG_WARN_UNGUARDED_AVAILABILITY = YES_AGGRESSIVE;
				CLANG_WARN_UNREACHABLE_CODE = YES;
				CLANG_WARN__DUPLICATE_METHOD_MATCH = YES;
				COPY_PHASE_STRIP = NO;
				DEBUG_INFORMATION_FORMAT = "dwarf-with-dsym";
				DEVELOPMENT_TEAM = 9798UJJCY4;
				ENABLE_NS_ASSERTIONS = NO;
				ENABLE_STRICT_OBJC_MSGSEND = YES;
				ENABLE_USER_SCRIPT_SANDBOXING = YES;
				GCC_C_LANGUAGE_STANDARD = gnu17;
				GCC_NO_COMMON_BLOCKS = YES;
				GCC_WARN_64_TO_32_BIT_CONVERSION = YES;
				GCC_WARN_ABOUT_RETURN_TYPE = YES_ERROR;
				GCC_WARN_UNDECLARED_SELECTOR = YES;
				GCC_WARN_UNINITIALIZED_AUTOS = YES_AGGRESSIVE;
				GCC_WARN_UNUSED_FUNCTION = YES;
				GCC_WARN_UNUSED_VARIABLE = YES;
				IPHONEOS_DEPLOYMENT_TARGET = 18.2;
				LOCALIZATION_PREFERS_STRING_CATALOGS = YES;
				MTL_ENABLE_DEBUG_INFO = NO;
				MTL_FAST_MATH = YES;
				SDKROOT = iphoneos;
				STRING_CATALOG_GENERATE_SYMBOLS = YES;
				SWIFT_COMPILATION_MODE = wholemodule;
				VALIDATE_PRODUCT = YES;
			};
			name = Release;
		};
		7EAE76ED2D7E463900A69FF7 /* Debug */ = {
			isa = XCBuildConfiguration;
			buildSettings = {
				ASSETCATALOG_COMPILER_APPICON_NAME = AppIcon;
				ASSETCATALOG_COMPILER_GLOBAL_ACCENT_COLOR_NAME = AccentColor;
				CLANG_ENABLE_MODULES = YES;
				CODE_SIGN_STYLE = Automatic;
				CURRENT_PROJECT_VERSION = 1;
				DEVELOPMENT_ASSET_PATHS = "CupcakeCorner/Preview\\ Content Common/Preview";
				ENABLE_PREVIEWS = YES;
				GENERATE_INFOPLIST_FILE = YES;
				INFOPLIST_FILE = CupcakeCorner/Info.plist;
				INFOPLIST_KEY_CFBundleDisplayName = "Cupcake Corner";
				INFOPLIST_KEY_LSApplicationCategoryType = "public.app-category.food-and-drink";
				INFOPLIST_KEY_UIApplicationSceneManifest_Generation = YES;
				INFOPLIST_KEY_UIApplicationSupportsIndirectInputEvents = YES;
				INFOPLIST_KEY_UILaunchScreen_Generation = YES;
				INFOPLIST_KEY_UISupportedInterfaceOrientations = UIInterfaceOrientationPortrait;
				INFOPLIST_KEY_UISupportedInterfaceOrientations_iPad = "UIInterfaceOrientationLandscapeLeft UIInterfaceOrientationLandscapeRight UIInterfaceOrientationPortrait UIInterfaceOrientationPortraitUpsideDown";
				IPHONEOS_DEPLOYMENT_TARGET = 18;
				LD_RUNPATH_SEARCH_PATHS = (
					"$(inherited)",
					"@executable_path/Frameworks",
				);
				MACOSX_DEPLOYMENT_TARGET = 15;
				MARKETING_VERSION = 1.0;
				OTHER_SWIFT_FLAGS = "-DCLIENT";
				PRODUCT_BUNDLE_IDENTIFIER = com.isaqueDaSilva.CupcakeCorner;
				PRODUCT_NAME = "$(TARGET_NAME)";
				REGISTER_APP_GROUPS = YES;
				SUPPORTED_PLATFORMS = "iphoneos iphonesimulator";
				SUPPORTS_MACCATALYST = NO;
				SUPPORTS_MAC_DESIGNED_FOR_IPHONE_IPAD = NO;
				SUPPORTS_XR_DESIGNED_FOR_IPHONE_IPAD = NO;
				SWIFT_EMIT_LOC_STRINGS = YES;
				SWIFT_OPTIMIZATION_LEVEL = "-Onone";
				SWIFT_VERSION = 5.0;
				TARGETED_DEVICE_FAMILY = 1;
			};
			name = Debug;
		};
		7EAE76EE2D7E463900A69FF7 /* Release */ = {
			isa = XCBuildConfiguration;
			buildSettings = {
				ASSETCATALOG_COMPILER_APPICON_NAME = AppIcon;
				ASSETCATALOG_COMPILER_GLOBAL_ACCENT_COLOR_NAME = AccentColor;
				CLANG_ENABLE_MODULES = YES;
				CODE_SIGN_STYLE = Automatic;
				CURRENT_PROJECT_VERSION = 1;
				DEVELOPMENT_ASSET_PATHS = "CupcakeCorner/Preview\\ Content Common/Preview";
				ENABLE_PREVIEWS = YES;
				GENERATE_INFOPLIST_FILE = YES;
				INFOPLIST_FILE = CupcakeCorner/Info.plist;
				INFOPLIST_KEY_CFBundleDisplayName = "Cupcake Corner";
				INFOPLIST_KEY_LSApplicationCategoryType = "public.app-category.food-and-drink";
				INFOPLIST_KEY_UIApplicationSceneManifest_Generation = YES;
				INFOPLIST_KEY_UIApplicationSupportsIndirectInputEvents = YES;
				INFOPLIST_KEY_UILaunchScreen_Generation = YES;
				INFOPLIST_KEY_UISupportedInterfaceOrientations = UIInterfaceOrientationPortrait;
				INFOPLIST_KEY_UISupportedInterfaceOrientations_iPad = "UIInterfaceOrientationLandscapeLeft UIInterfaceOrientationLandscapeRight UIInterfaceOrientationPortrait UIInterfaceOrientationPortraitUpsideDown";
				IPHONEOS_DEPLOYMENT_TARGET = 18;
				LD_RUNPATH_SEARCH_PATHS = (
					"$(inherited)",
					"@executable_path/Frameworks",
				);
				MACOSX_DEPLOYMENT_TARGET = 15;
				MARKETING_VERSION = 1.0;
				OTHER_SWIFT_FLAGS = "-DCLIENT";
				PRODUCT_BUNDLE_IDENTIFIER = com.isaqueDaSilva.CupcakeCorner;
				PRODUCT_NAME = "$(TARGET_NAME)";
				REGISTER_APP_GROUPS = YES;
				SUPPORTED_PLATFORMS = "iphoneos iphonesimulator";
				SUPPORTS_MACCATALYST = NO;
				SUPPORTS_MAC_DESIGNED_FOR_IPHONE_IPAD = NO;
				SUPPORTS_XR_DESIGNED_FOR_IPHONE_IPAD = NO;
				SWIFT_EMIT_LOC_STRINGS = YES;
				SWIFT_VERSION = 5.0;
				TARGETED_DEVICE_FAMILY = 1;
			};
			name = Release;
		};
		7EAE77202D7E47BF00A69FF7 /* Debug */ = {
			isa = XCBuildConfiguration;
			buildSettings = {
				ASSETCATALOG_COMPILER_APPICON_NAME = AppIcon;
				ASSETCATALOG_COMPILER_GLOBAL_ACCENT_COLOR_NAME = AccentColor;
				CODE_SIGN_STYLE = Automatic;
				CURRENT_PROJECT_VERSION = 1;
				DEVELOPMENT_ASSET_PATHS = "CupcakeCornerForAdmin/Preview\\ Content Common/Preview";
				ENABLE_PREVIEWS = YES;
				GENERATE_INFOPLIST_FILE = YES;
				INFOPLIST_FILE = CupcakeCornerForAdmin/Info.plist;
				INFOPLIST_KEY_CFBundleDisplayName = "Cupcake Admin";
				INFOPLIST_KEY_LSApplicationCategoryType = "public.app-category.food-and-drink";
				INFOPLIST_KEY_UIApplicationSceneManifest_Generation = YES;
				INFOPLIST_KEY_UIApplicationSupportsIndirectInputEvents = YES;
				INFOPLIST_KEY_UILaunchScreen_Generation = YES;
				INFOPLIST_KEY_UISupportedInterfaceOrientations = UIInterfaceOrientationPortrait;
				INFOPLIST_KEY_UISupportedInterfaceOrientations_iPad = "UIInterfaceOrientationLandscapeLeft UIInterfaceOrientationLandscapeRight UIInterfaceOrientationPortrait UIInterfaceOrientationPortraitUpsideDown";
				IPHONEOS_DEPLOYMENT_TARGET = 18;
				LD_RUNPATH_SEARCH_PATHS = (
					"$(inherited)",
					"@executable_path/Frameworks",
				);
				MACOSX_DEPLOYMENT_TARGET = 15;
				MARKETING_VERSION = 1.0;
				OTHER_SWIFT_FLAGS = "-DADMIN";
				PRODUCT_BUNDLE_IDENTIFIER = com.isaqueDaSilva.CupcakeCornerForAdmin;
				PRODUCT_NAME = "$(TARGET_NAME)";
				REGISTER_APP_GROUPS = YES;
				SUPPORTED_PLATFORMS = "iphoneos iphonesimulator";
				SUPPORTS_MACCATALYST = NO;
				SUPPORTS_MAC_DESIGNED_FOR_IPHONE_IPAD = NO;
				SUPPORTS_XR_DESIGNED_FOR_IPHONE_IPAD = NO;
				SWIFT_EMIT_LOC_STRINGS = YES;
				SWIFT_VERSION = 5.0;
				TARGETED_DEVICE_FAMILY = 1;
			};
			name = Debug;
		};
		7EAE77212D7E47BF00A69FF7 /* Release */ = {
			isa = XCBuildConfiguration;
			buildSettings = {
				ASSETCATALOG_COMPILER_APPICON_NAME = AppIcon;
				ASSETCATALOG_COMPILER_GLOBAL_ACCENT_COLOR_NAME = AccentColor;
				CODE_SIGN_STYLE = Automatic;
				CURRENT_PROJECT_VERSION = 1;
				DEVELOPMENT_ASSET_PATHS = "CupcakeCornerForAdmin/Preview\\ Content Common/Preview";
				ENABLE_PREVIEWS = YES;
				GENERATE_INFOPLIST_FILE = YES;
				INFOPLIST_FILE = CupcakeCornerForAdmin/Info.plist;
				INFOPLIST_KEY_CFBundleDisplayName = "Cupcake Admin";
				INFOPLIST_KEY_LSApplicationCategoryType = "public.app-category.food-and-drink";
				INFOPLIST_KEY_UIApplicationSceneManifest_Generation = YES;
				INFOPLIST_KEY_UIApplicationSupportsIndirectInputEvents = YES;
				INFOPLIST_KEY_UILaunchScreen_Generation = YES;
				INFOPLIST_KEY_UISupportedInterfaceOrientations = UIInterfaceOrientationPortrait;
				INFOPLIST_KEY_UISupportedInterfaceOrientations_iPad = "UIInterfaceOrientationLandscapeLeft UIInterfaceOrientationLandscapeRight UIInterfaceOrientationPortrait UIInterfaceOrientationPortraitUpsideDown";
				IPHONEOS_DEPLOYMENT_TARGET = 18;
				LD_RUNPATH_SEARCH_PATHS = (
					"$(inherited)",
					"@executable_path/Frameworks",
				);
				MACOSX_DEPLOYMENT_TARGET = 15;
				MARKETING_VERSION = 1.0;
				OTHER_SWIFT_FLAGS = "-DADMIN";
				PRODUCT_BUNDLE_IDENTIFIER = com.isaqueDaSilva.CupcakeCornerForAdmin;
				PRODUCT_NAME = "$(TARGET_NAME)";
				REGISTER_APP_GROUPS = YES;
				SUPPORTED_PLATFORMS = "iphoneos iphonesimulator";
				SUPPORTS_MACCATALYST = NO;
				SUPPORTS_MAC_DESIGNED_FOR_IPHONE_IPAD = NO;
				SUPPORTS_XR_DESIGNED_FOR_IPHONE_IPAD = NO;
				SWIFT_EMIT_LOC_STRINGS = YES;
				SWIFT_VERSION = 5.0;
				TARGETED_DEVICE_FAMILY = 1;
			};
			name = Release;
		};
/* End XCBuildConfiguration section */

/* Begin XCConfigurationList section */
		7EAE76D92D7E463800A69FF7 /* Build configuration list for PBXProject "CupcakeCorner" */ = {
			isa = XCConfigurationList;
			buildConfigurations = (
				7EAE76EA2D7E463900A69FF7 /* Debug */,
				7EAE76EB2D7E463900A69FF7 /* Release */,
			);
			defaultConfigurationIsVisible = 0;
			defaultConfigurationName = Release;
		};
		7EAE76EC2D7E463900A69FF7 /* Build configuration list for PBXNativeTarget "CupcakeCorner" */ = {
			isa = XCConfigurationList;
			buildConfigurations = (
				7EAE76ED2D7E463900A69FF7 /* Debug */,
				7EAE76EE2D7E463900A69FF7 /* Release */,
			);
			defaultConfigurationIsVisible = 0;
			defaultConfigurationName = Release;
		};
		7EAE771F2D7E47BF00A69FF7 /* Build configuration list for PBXNativeTarget "CupcakeCornerForAdmin" */ = {
			isa = XCConfigurationList;
			buildConfigurations = (
				7EAE77202D7E47BF00A69FF7 /* Debug */,
				7EAE77212D7E47BF00A69FF7 /* Release */,
			);
			defaultConfigurationIsVisible = 0;
			defaultConfigurationName = Release;
		};
/* End XCConfigurationList section */

/* Begin XCRemoteSwiftPackageReference section */
		7E73177A2E06635200B55C16 /* XCRemoteSwiftPackageReference "swift-http-types" */ = {
			isa = XCRemoteSwiftPackageReference;
			repositoryURL = "https://github.com/apple/swift-http-types.git";
			requirement = {
				kind = upToNextMajorVersion;
				minimumVersion = 1.4.0;
			};
		};
		7EBD623E2E3121B900AEDA98 /* XCRemoteSwiftPackageReference "swift-collections" */ = {
			isa = XCRemoteSwiftPackageReference;
			repositoryURL = "https://github.com/apple/swift-collections.git";
			requirement = {
				kind = upToNextMajorVersion;
				minimumVersion = 1.2.0;
			};
		};
/* End XCRemoteSwiftPackageReference section */

/* Begin XCSwiftPackageProductDependency section */
		7E73177B2E06637A00B55C16 /* HTTPTypes */ = {
			isa = XCSwiftPackageProductDependency;
			package = 7E73177A2E06635200B55C16 /* XCRemoteSwiftPackageReference "swift-http-types" */;
			productName = HTTPTypes;
		};
		7E73177D2E06637A00B55C16 /* HTTPTypesFoundation */ = {
			isa = XCSwiftPackageProductDependency;
			package = 7E73177A2E06635200B55C16 /* XCRemoteSwiftPackageReference "swift-http-types" */;
			productName = HTTPTypesFoundation;
		};
		7E73177F2E06638400B55C16 /* HTTPTypes */ = {
			isa = XCSwiftPackageProductDependency;
			package = 7E73177A2E06635200B55C16 /* XCRemoteSwiftPackageReference "swift-http-types" */;
			productName = HTTPTypes;
		};
		7E7317812E06638400B55C16 /* HTTPTypesFoundation */ = {
			isa = XCSwiftPackageProductDependency;
			package = 7E73177A2E06635200B55C16 /* XCRemoteSwiftPackageReference "swift-http-types" */;
			productName = HTTPTypesFoundation;
		};
		7EBD623F2E3121D000AEDA98 /* OrderedCollections */ = {
			isa = XCSwiftPackageProductDependency;
			package = 7EBD623E2E3121B900AEDA98 /* XCRemoteSwiftPackageReference "swift-collections" */;
			productName = OrderedCollections;
		};
		7EBD62412E3121D600AEDA98 /* OrderedCollections */ = {
			isa = XCSwiftPackageProductDependency;
			package = 7EBD623E2E3121B900AEDA98 /* XCRemoteSwiftPackageReference "swift-collections" */;
			productName = OrderedCollections;
		};
/* End XCSwiftPackageProductDependency section */
	};
	rootObject = 7EAE76D62D7E463800A69FF7 /* Project object */;
}
