{
  "originHash" : "379197cda691fbe21f36195f77c17c6d75e853046e193697e542536f6e9db25e",
  "pins" : [
    {
      "identity" : "errorwrapper",
      "kind" : "remoteSourceControl",
      "location" : "https://github.com/isaqueDaSilva/ErrorWrapper",
      "state" : {
        "revision" : "8272eb3005d6d09fb459ec21313fe2c9053933ae",
        "version" : "1.0.7"
      }
    },
    {
      "identity" : "keychainservice",
      "kind" : "remoteSourceControl",
      "location" : "https://github.com/isaqueDaSilva/KeychainService.git",
      "state" : {
        "revision" : "c453ffd6b04ea38512963a63ec19ec7276a38cb8",
        "version" : "1.0.3"
      }
    },
    {
      "identity" : "networkkit",
      "kind" : "remoteSourceControl",
      "location" : "https://github.com/isaqueDaSilva/NetworkKit.git",
      "state" : {
        "revision" : "c834ef48beecdf31980251387539e4bc0f768fbc",
        "version" : "1.3.9"
      }
    }
  ],
  "version" : 3
}
