{
  "originHash" : "d5563cb875dc380b41661ef4a392ecdeca98bc7121fada0522a7aa0fe3b223ed",
  "pins" : [
    {
      "identity" : "keychainservice",
      "kind" : "remoteSourceControl",
      "location" : "https://github.com/isaqueDaSilva/KeychainService.git",
      "state" : {
        "revision" : "c453ffd6b04ea38512963a63ec19ec7276a38cb8",
        "version" : "1.0.3"
      }
    },
    {
      "identity" : "swift-collections",
      "kind" : "remoteSourceControl",
      "location" : "https://github.com/apple/swift-collections.git",
      "state" : {
        "revision" : "c1805596154bb3a265fd91b8ac0c4433b4348fb0",
        "version" : "1.2.0"
      }
    },
    {
      "identity" : "swift-http-types",
      "kind" : "remoteSourceControl",
      "location" : "https://github.com/apple/swift-http-types.git",
      "state" : {
        "revision" : "a0a57e949a8903563aba4615869310c0ebf14c03",
        "version" : "1.4.0"
      }
    }
  ],
  "version" : 3
}
